// !$*UTF8*$!
{
	archiveVersion = 1;
	classes = {
	};
	objectVersion = 55;
	objects = {

/* Begin PBXBuildFile section */
		DAABC74828D22AD300D97F8D /* AppDelegate.swift in Sources */ = {isa = PBXBuildFile; fileRef = DAABC74728D22AD300D97F8D /* AppDelegate.swift */; };
		DAABC74A28D22AD300D97F8D /* SceneDelegate.swift in Sources */ = {isa = PBXBuildFile; fileRef = DAABC74928D22AD300D97F8D /* SceneDelegate.swift */; };
		DAABC74C28D22AD300D97F8D /* ViewController.swift in Sources */ = {isa = PBXBuildFile; fileRef = DAABC74B28D22AD300D97F8D /* ViewController.swift */; };
		DAABC75128D22AD400D97F8D /* Assets.xcassets in Resources */ = {isa = PBXBuildFile; fileRef = DAABC75028D22AD400D97F8D /* Assets.xcassets */; };
		DAABC75428D22AD400D97F8D /* LaunchScreen.storyboard in Resources */ = {isa = PBXBuildFile; fileRef = DAABC75228D22AD400D97F8D /* LaunchScreen.storyboard */; };
		DAABC75D28D22B5700D97F8D /* RxFlow in Frameworks */ = {isa = PBXBuildFile; productRef = DAABC75C28D22B5700D97F8D /* RxFlow */; };
		DAABC76028D22D1B00D97F8D /* AppFlow.swift in Sources */ = {isa = PBXBuildFile; fileRef = DAABC75F28D22D1B00D97F8D /* AppFlow.swift */; };
		DAABC76228D22D8600D97F8D /* AppSteps.swift in Sources */ = {isa = PBXBuildFile; fileRef = DAABC76128D22D8600D97F8D /* AppSteps.swift */; };
		DAABC76528D22E1F00D97F8D /* AppStepper.swift in Sources */ = {isa = PBXBuildFile; fileRef = DAABC76428D22E1F00D97F8D /* AppStepper.swift */; };
		DAABC76728D22F8D00D97F8D /* MainFlow.swift in Sources */ = {isa = PBXBuildFile; fileRef = DAABC76628D22F8D00D97F8D /* MainFlow.swift */; };
		DAABC76A28D232A000D97F8D /* MainViewModel.swift in Sources */ = {isa = PBXBuildFile; fileRef = DAABC76928D232A000D97F8D /* MainViewModel.swift */; };
/* End PBXBuildFile section */

/* Begin PBXFileReference section */
		DAABC74428D22AD300D97F8D /* FlowableWhereAmI.app */ = {isa = PBXFileReference; explicitFileType = wrapper.application; includeInIndex = 0; path = FlowableWhereAmI.app; sourceTree = BUILT_PRODUCTS_DIR; };
		DAABC74728D22AD300D97F8D /* AppDelegate.swift */ = {isa = PBXFileReference; lastKnownFileType = sourcecode.swift; path = AppDelegate.swift; sourceTree = "<group>"; };
		DAABC74928D22AD300D97F8D /* SceneDelegate.swift */ = {isa = PBXFileReference; lastKnownFileType = sourcecode.swift; path = SceneDelegate.swift; sourceTree = "<group>"; };
		DAABC74B28D22AD300D97F8D /* ViewController.swift */ = {isa = PBXFileReference; lastKnownFileType = sourcecode.swift; path = ViewController.swift; sourceTree = "<group>"; };
		DAABC75028D22AD400D97F8D /* Assets.xcassets */ = {isa = PBXFileReference; lastKnownFileType = folder.assetcatalog; path = Assets.xcassets; sourceTree = "<group>"; };
		DAABC75328D22AD400D97F8D /* Base */ = {isa = PBXFileReference; lastKnownFileType = file.storyboard; name = Base; path = Base.lproj/LaunchScreen.storyboard; sourceTree = "<group>"; };
		DAABC75528D22AD400D97F8D /* Info.plist */ = {isa = PBXFileReference; lastKnownFileType = text.plist.xml; path = Info.plist; sourceTree = "<group>"; };
		DAABC75F28D22D1B00D97F8D /* AppFlow.swift */ = {isa = PBXFileReference; lastKnownFileType = sourcecode.swift; path = AppFlow.swift; sourceTree = "<group>"; };
		DAABC76128D22D8600D97F8D /* AppSteps.swift */ = {isa = PBXFileReference; lastKnownFileType = sourcecode.swift; path = AppSteps.swift; sourceTree = "<group>"; };
		DAABC76428D22E1F00D97F8D /* AppStepper.swift */ = {isa = PBXFileReference; lastKnownFileType = sourcecode.swift; path = AppStepper.swift; sourceTree = "<group>"; };
		DAABC76628D22F8D00D97F8D /* MainFlow.swift */ = {isa = PBXFileReference; lastKnownFileType = sourcecode.swift; path = MainFlow.swift; sourceTree = "<group>"; };
		DAABC76928D232A000D97F8D /* MainViewModel.swift */ = {isa = PBXFileReference; lastKnownFileType = sourcecode.swift; path = MainViewModel.swift; sourceTree = "<group>"; };
/* End PBXFileReference section */

/* Begin PBXFrameworksBuildPhase section */
		DAABC74128D22AD300D97F8D /* Frameworks */ = {
			isa = PBXFrameworksBuildPhase;
			buildActionMask = 2147483647;
			files = (
				DAABC75D28D22B5700D97F8D /* RxFlow in Frameworks */,
			);
			runOnlyForDeploymentPostprocessing = 0;
		};
/* End PBXFrameworksBuildPhase section */

/* Begin PBXGroup section */
		DAABC73B28D22AD300D97F8D = {
			isa = PBXGroup;
			children = (
				DAABC74628D22AD300D97F8D /* FlowableWhereAmI */,
				DAABC74528D22AD300D97F8D /* Products */,
			);
			sourceTree = "<group>";
		};
		DAABC74528D22AD300D97F8D /* Products */ = {
			isa = PBXGroup;
			children = (
				DAABC74428D22AD300D97F8D /* FlowableWhereAmI.app */,
			);
			name = Products;
			sourceTree = "<group>";
		};
		DAABC74628D22AD300D97F8D /* FlowableWhereAmI */ = {
			isa = PBXGroup;
			children = (
				DAABC76828D2329400D97F8D /* Features */,
				DAABC76328D22E1200D97F8D /* Steps */,
				DAABC75E28D22D0E00D97F8D /* Flows */,
				DAABC74728D22AD300D97F8D /* AppDelegate.swift */,
				DAABC74928D22AD300D97F8D /* SceneDelegate.swift */,
				DAABC74B28D22AD300D97F8D /* ViewController.swift */,
				DAABC75028D22AD400D97F8D /* Assets.xcassets */,
				DAABC75228D22AD400D97F8D /* LaunchScreen.storyboard */,
				DAABC75528D22AD400D97F8D /* Info.plist */,
			);
			path = FlowableWhereAmI;
			sourceTree = "<group>";
		};
		DAABC75E28D22D0E00D97F8D /* Flows */ = {
			isa = PBXGroup;
			children = (
				DAABC75F28D22D1B00D97F8D /* AppFlow.swift */,
				DAABC76628D22F8D00D97F8D /* MainFlow.swift */,
			);
			path = Flows;
			sourceTree = "<group>";
		};
		DAABC76328D22E1200D97F8D /* Steps */ = {
			isa = PBXGroup;
			children = (
				DAABC76128D22D8600D97F8D /* AppSteps.swift */,
				DAABC76428D22E1F00D97F8D /* AppStepper.swift */,
			);
			path = Steps;
			sourceTree = "<group>";
		};
		DAABC76828D2329400D97F8D /* Features */ = {
			isa = PBXGroup;
			children = (
				DAABC76928D232A000D97F8D /* MainViewModel.swift */,
			);
			path = Features;
			sourceTree = "<group>";
		};
/* End PBXGroup section */

/* Begin PBXNativeTarget section */
		DAABC74328D22AD300D97F8D /* FlowableWhereAmI */ = {
			isa = PBXNativeTarget;
			buildConfigurationList = DAABC75828D22AD400D97F8D /* Build configuration list for PBXNativeTarget "FlowableWhereAmI" */;
			buildPhases = (
				DAABC74028D22AD300D97F8D /* Sources */,
				DAABC74128D22AD300D97F8D /* Frameworks */,
				DAABC74228D22AD300D97F8D /* Resources */,
			);
			buildRules = (
			);
			dependencies = (
			);
			name = FlowableWhereAmI;
			packageProductDependencies = (
				DAABC75C28D22B5700D97F8D /* RxFlow */,
			);
			productName = FlowableWhereAmI;
			productReference = DAABC74428D22AD300D97F8D /* FlowableWhereAmI.app */;
			productType = "com.apple.product-type.application";
		};
/* End PBXNativeTarget section */

/* Begin PBXProject section */
		DAABC73C28D22AD300D97F8D /* Project object */ = {
			isa = PBXProject;
			attributes = {
				BuildIndependentTargetsInParallel = 1;
				LastSwiftUpdateCheck = 1340;
				LastUpgradeCheck = 1340;
				TargetAttributes = {
					DAABC74328D22AD300D97F8D = {
						CreatedOnToolsVersion = 13.4.1;
					};
				};
			};
			buildConfigurationList = DAABC73F28D22AD300D97F8D /* Build configuration list for PBXProject "FlowableWhereAmI" */;
			compatibilityVersion = "Xcode 13.0";
			developmentRegion = en;
			hasScannedForEncodings = 0;
			knownRegions = (
				en,
				Base,
			);
			mainGroup = DAABC73B28D22AD300D97F8D;
			packageReferences = (
				DAABC75B28D22B5700D97F8D /* XCRemoteSwiftPackageReference "RxFlow" */,
			);
			productRefGroup = DAABC74528D22AD300D97F8D /* Products */;
			projectDirPath = "";
			projectRoot = "";
			targets = (
				DAABC74328D22AD300D97F8D /* FlowableWhereAmI */,
			);
		};
/* End PBXProject section */

/* Begin PBXResourcesBuildPhase section */
		DAABC74228D22AD300D97F8D /* Resources */ = {
			isa = PBXResourcesBuildPhase;
			buildActionMask = 2147483647;
			files = (
				DAABC75428D22AD400D97F8D /* LaunchScreen.storyboard in Resources */,
				DAABC75128D22AD400D97F8D /* Assets.xcassets in Resources */,
			);
			runOnlyForDeploymentPostprocessing = 0;
		};
/* End PBXResourcesBuildPhase section */

/* Begin PBXSourcesBuildPhase section */
		DAABC74028D22AD300D97F8D /* Sources */ = {
			isa = PBXSourcesBuildPhase;
			buildActionMask = 2147483647;
			files = (
				DAABC74C28D22AD300D97F8D /* ViewController.swift in Sources */,
				DAABC76228D22D8600D97F8D /* AppSteps.swift in Sources */,
				DAABC76728D22F8D00D97F8D /* MainFlow.swift in Sources */,
				DAABC76028D22D1B00D97F8D /* AppFlow.swift in Sources */,
				DAABC74828D22AD300D97F8D /* AppDelegate.swift in Sources */,
				DAABC74A28D22AD300D97F8D /* SceneDelegate.swift in Sources */,
				DAABC76528D22E1F00D97F8D /* AppStepper.swift in Sources */,
				DAABC76A28D232A000D97F8D /* MainViewModel.swift in Sources */,
			);
			runOnlyForDeploymentPostprocessing = 0;
		};
/* End PBXSourcesBuildPhase section */

/* Begin PBXVariantGroup section */
		DAABC75228D22AD400D97F8D /* LaunchScreen.storyboard */ = {
			isa = PBXVariantGroup;
			children = (
				DAABC75328D22AD400D97F8D /* Base */,
			);
			name = LaunchScreen.storyboard;
			sourceTree = "<group>";
		};
/* End PBXVariantGroup section */

/* Begin XCBuildConfiguration section */
		DAABC75628D22AD400D97F8D /* Debug */ = {
			isa = XCBuildConfiguration;
			buildSettings = {
				ALWAYS_SEARCH_USER_PATHS = NO;
				CLANG_ANALYZER_NONNULL = YES;
				CLANG_ANALYZER_NUMBER_OBJECT_CONVERSION = YES_AGGRESSIVE;
				CLANG_CXX_LANGUAGE_STANDARD = "gnu++17";
				CLANG_ENABLE_MODULES = YES;
				CLANG_ENABLE_OBJC_ARC = YES;
				CLANG_ENABLE_OBJC_WEAK = YES;
				CLANG_WARN_BLOCK_CAPTURE_AUTORELEASING = YES;
				CLANG_WARN_BOOL_CONVERSION = YES;
				CLANG_WARN_COMMA = YES;
				CLANG_WARN_CONSTANT_CONVERSION = YES;
				CLANG_WARN_DEPRECATED_OBJC_IMPLEMENTATIONS = YES;
				CLANG_WARN_DIRECT_OBJC_ISA_USAGE = YES_ERROR;
				CLANG_WARN_DOCUMENTATION_COMMENTS = YES;
				CLANG_WARN_EMPTY_BODY = YES;
				CLANG_WARN_ENUM_CONVERSION = YES;
				CLANG_WARN_INFINITE_RECURSION = YES;
				CLANG_WARN_INT_CONVERSION = YES;
				CLANG_WARN_NON_LITERAL_NULL_CONVERSION = YES;
				CLANG_WARN_OBJC_IMPLICIT_RETAIN_SELF = YES;
				CLANG_WARN_OBJC_LITERAL_CONVERSION = YES;
				CLANG_WARN_OBJC_ROOT_CLASS = YES_ERROR;
				CLANG_WARN_QUOTED_INCLUDE_IN_FRAMEWORK_HEADER = YES;
				CLANG_WARN_RANGE_LOOP_ANALYSIS = YES;
				CLANG_WARN_STRICT_PROTOTYPES = YES;
				CLANG_WARN_SUSPICIOUS_MOVE = YES;
				CLANG_WARN_UNGUARDED_AVAILABILITY = YES_AGGRESSIVE;
				CLANG_WARN_UNREACHABLE_CODE = YES;
				CLANG_WARN__DUPLICATE_METHOD_MATCH = YES;
				COPY_PHASE_STRIP = NO;
				DEBUG_INFORMATION_FORMAT = dwarf;
				ENABLE_STRICT_OBJC_MSGSEND = YES;
				ENABLE_TESTABILITY = YES;
				GCC_C_LANGUAGE_STANDARD = gnu11;
				GCC_DYNAMIC_NO_PIC = NO;
				GCC_NO_COMMON_BLOCKS = YES;
				GCC_OPTIMIZATION_LEVEL = 0;
				GCC_PREPROCESSOR_DEFINITIONS = (
					"DEBUG=1",
					"$(inherited)",
				);
				GCC_WARN_64_TO_32_BIT_CONVERSION = YES;
				GCC_WARN_ABOUT_RETURN_TYPE = YES_ERROR;
				GCC_WARN_UNDECLARED_SELECTOR = YES;
				GCC_WARN_UNINITIALIZED_AUTOS = YES_AGGRESSIVE;
				GCC_WARN_UNUSED_FUNCTION = YES;
				GCC_WARN_UNUSED_VARIABLE = YES;
				IPHONEOS_DEPLOYMENT_TARGET = 15.5;
				MTL_ENABLE_DEBUG_INFO = INCLUDE_SOURCE;
				MTL_FAST_MATH = YES;
				ONLY_ACTIVE_ARCH = YES;
				SDKROOT = iphoneos;
				SWIFT_ACTIVE_COMPILATION_CONDITIONS = DEBUG;
				SWIFT_OPTIMIZATION_LEVEL = "-Onone";
			};
			name = Debug;
		};
		DAABC75728D22AD400D97F8D /* Release */ = {
			isa = XCBuildConfiguration;
			buildSettings = {
				ALWAYS_SEARCH_USER_PATHS = NO;
				CLANG_ANALYZER_NONNULL = YES;
				CLANG_ANALYZER_NUMBER_OBJECT_CONVERSION = YES_AGGRESSIVE;
				CLANG_CXX_LANGUAGE_STANDARD = "gnu++17";
				CLANG_ENABLE_MODULES = YES;
				CLANG_ENABLE_OBJC_ARC = YES;
				CLANG_ENABLE_OBJC_WEAK = YES;
				CLANG_WARN_BLOCK_CAPTURE_AUTORELEASING = YES;
				CLANG_WARN_BOOL_CONVERSION = YES;
				CLANG_WARN_COMMA = YES;
				CLANG_WARN_CONSTANT_CONVERSION = YES;
				CLANG_WARN_DEPRECATED_OBJC_IMPLEMENTATIONS = YES;
				CLANG_WARN_DIRECT_OBJC_ISA_USAGE = YES_ERROR;
				CLANG_WARN_DOCUMENTATION_COMMENTS = YES;
				CLANG_WARN_EMPTY_BODY = YES;
				CLANG_WARN_ENUM_CONVERSION = YES;
				CLANG_WARN_INFINITE_RECURSION = YES;
				CLANG_WARN_INT_CONVERSION = YES;
				CLANG_WARN_NON_LITERAL_NULL_CONVERSION = YES;
				CLANG_WARN_OBJC_IMPLICIT_RETAIN_SELF = YES;
				CLANG_WARN_OBJC_LITERAL_CONVERSION = YES;
				CLANG_WARN_OBJC_ROOT_CLASS = YES_ERROR;
				CLANG_WARN_QUOTED_INCLUDE_IN_FRAMEWORK_HEADER = YES;
				CLANG_WARN_RANGE_LOOP_ANALYSIS = YES;
				CLANG_WARN_STRICT_PROTOTYPES = YES;
				CLANG_WARN_SUSPICIOUS_MOVE = YES;
				CLANG_WARN_UNGUARDED_AVAILABILITY = YES_AGGRESSIVE;
				CLANG_WARN_UNREACHABLE_CODE = YES;
				CLANG_WARN__DUPLICATE_METHOD_MATCH = YES;
				COPY_PHASE_STRIP = NO;
				DEBUG_INFORMATION_FORMAT = "dwarf-with-dsym";
				ENABLE_NS_ASSERTIONS = NO;
				ENABLE_STRICT_OBJC_MSGSEND = YES;
				GCC_C_LANGUAGE_STANDARD = gnu11;
				GCC_NO_COMMON_BLOCKS = YES;
				GCC_WARN_64_TO_32_BIT_CONVERSION = YES;
				GCC_WARN_ABOUT_RETURN_TYPE = YES_ERROR;
				GCC_WARN_UNDECLARED_SELECTOR = YES;
				GCC_WARN_UNINITIALIZED_AUTOS = YES_AGGRESSIVE;
				GCC_WARN_UNUSED_FUNCTION = YES;
				GCC_WARN_UNUSED_VARIABLE = YES;
				IPHONEOS_DEPLOYMENT_TARGET = 15.5;
				MTL_ENABLE_DEBUG_INFO = NO;
				MTL_FAST_MATH = YES;
				SDKROOT = iphoneos;
				SWIFT_COMPILATION_MODE = wholemodule;
				SWIFT_OPTIMIZATION_LEVEL = "-O";
				VALIDATE_PRODUCT = YES;
			};
			name = Release;
		};
		DAABC75928D22AD400D97F8D /* Debug */ = {
			isa = XCBuildConfiguration;
			buildSettings = {
				ASSETCATALOG_COMPILER_APPICON_NAME = AppIcon;
				ASSETCATALOG_COMPILER_GLOBAL_ACCENT_COLOR_NAME = AccentColor;
				CODE_SIGN_STYLE = Automatic;
				CURRENT_PROJECT_VERSION = 1;
				DEVELOPMENT_TEAM = M3U22RZ325;
				GENERATE_INFOPLIST_FILE = YES;
				INFOPLIST_FILE = FlowableWhereAmI/Info.plist;
				INFOPLIST_KEY_UIApplicationSupportsIndirectInputEvents = YES;
				INFOPLIST_KEY_UILaunchStoryboardName = LaunchScreen;
				INFOPLIST_KEY_UIMainStoryboardFile = "";
				INFOPLIST_KEY_UISupportedInterfaceOrientations_iPad = "UIInterfaceOrientationPortrait UIInterfaceOrientationPortraitUpsideDown UIInterfaceOrientationLandscapeLeft UIInterfaceOrientationLandscapeRight";
				INFOPLIST_KEY_UISupportedInterfaceOrientations_iPhone = "UIInterfaceOrientationPortrait UIInterfaceOrientationLandscapeLeft UIInterfaceOrientationLandscapeRight";
				LD_RUNPATH_SEARCH_PATHS = (
					"$(inherited)",
					"@executable_path/Frameworks",
				);
				MARKETING_VERSION = 1.0;
				PRODUCT_BUNDLE_IDENTIFIER = dev.Im.FlowableWhereAmI;
				PRODUCT_NAME = "$(TARGET_NAME)";
				SWIFT_EMIT_LOC_STRINGS = YES;
				SWIFT_VERSION = 5.0;
				TARGETED_DEVICE_FAMILY = "1,2";
			};
			name = Debug;
		};
		DAABC75A28D22AD400D97F8D /* Release */ = {
			isa = XCBuildConfiguration;
			buildSettings = {
				ASSETCATALOG_COMPILER_APPICON_NAME = AppIcon;
				ASSETCATALOG_COMPILER_GLOBAL_ACCENT_COLOR_NAME = AccentColor;
				CODE_SIGN_STYLE = Automatic;
				CURRENT_PROJECT_VERSION = 1;
				DEVELOPMENT_TEAM = M3U22RZ325;
				GENERATE_INFOPLIST_FILE = YES;
				INFOPLIST_FILE = FlowableWhereAmI/Info.plist;
				INFOPLIST_KEY_UIApplicationSupportsIndirectInputEvents = YES;
				INFOPLIST_KEY_UILaunchStoryboardName = LaunchScreen;
				INFOPLIST_KEY_UIMainStoryboardFile = "";
				INFOPLIST_KEY_UISupportedInterfaceOrientations_iPad = "UIInterfaceOrientationPortrait UIInterfaceOrientationPortraitUpsideDown UIInterfaceOrientationLandscapeLeft UIInterfaceOrientationLandscapeRight";
				INFOPLIST_KEY_UISupportedInterfaceOrientations_iPhone = "UIInterfaceOrientationPortrait UIInterfaceOrientationLandscapeLeft UIInterfaceOrientationLandscapeRight";
				LD_RUNPATH_SEARCH_PATHS = (
					"$(inherited)",
					"@executable_path/Frameworks",
				);
				MARKETING_VERSION = 1.0;
				PRODUCT_BUNDLE_IDENTIFIER = dev.Im.FlowableWhereAmI;
				PRODUCT_NAME = "$(TARGET_NAME)";
				SWIFT_EMIT_LOC_STRINGS = YES;
				SWIFT_VERSION = 5.0;
				TARGETED_DEVICE_FAMILY = "1,2";
			};
			name = Release;
		};
/* End XCBuildConfiguration section */

/* Begin XCConfigurationList section */
		DAABC73F28D22AD300D97F8D /* Build configuration list for PBXProject "FlowableWhereAmI" */ = {
			isa = XCConfigurationList;
			buildConfigurations = (
				DAABC75628D22AD400D97F8D /* Debug */,
				DAABC75728D22AD400D97F8D /* Release */,
			);
			defaultConfigurationIsVisible = 0;
			defaultConfigurationName = Release;
		};
		DAABC75828D22AD400D97F8D /* Build configuration list for PBXNativeTarget "FlowableWhereAmI" */ = {
			isa = XCConfigurationList;
			buildConfigurations = (
				DAABC75928D22AD400D97F8D /* Debug */,
				DAABC75A28D22AD400D97F8D /* Release */,
			);
			defaultConfigurationIsVisible = 0;
			defaultConfigurationName = Release;
		};
/* End XCConfigurationList section */

/* Begin XCRemoteSwiftPackageReference section */
		DAABC75B28D22B5700D97F8D /* XCRemoteSwiftPackageReference "RxFlow" */ = {
			isa = XCRemoteSwiftPackageReference;
			repositoryURL = "https://github.com/RxSwiftCommunity/RxFlow.git";
			requirement = {
				branch = main;
				kind = branch;
			};
		};
/* End XCRemoteSwiftPackageReference section */

/* Begin XCSwiftPackageProductDependency section */
		DAABC75C28D22B5700D97F8D /* RxFlow */ = {
			isa = XCSwiftPackageProductDependency;
			package = DAABC75B28D22B5700D97F8D /* XCRemoteSwiftPackageReference "RxFlow" */;
			productName = RxFlow;
		};
/* End XCSwiftPackageProductDependency section */
	};
	rootObject = DAABC73C28D22AD300D97F8D /* Project object */;
}
